
Microsoft Visual Studio Solution File, Format Version 12.00
# Visual Studio Version 17
VisualStudioVersion = 17.11.35327.3
MinimumVisualStudioVersion = 10.0.40219.1
Project("{FAE04EC0-301F-11D3-BF4B-00C04F79EFBC}") = "ConsoleProject", "ConsoleProject\ConsoleProject.csproj", "{CF4DC0C5-1A82-495B-BBE4-99735456688E}"
EndProject
Project("{FAE04EC0-301F-11D3-BF4B-00C04F79EFBC}") = "TestProject1", "TestProject1\TestProject1.csproj", "{8B0FC600-128D-40D6-B837-A62DF86B64E5}"
EndProject
Global
	GlobalSection(SolutionConfigurationPlatforms) = preSolution
		Debug|Any CPU = Debug|Any CPU
		Release|Any CPU = Release|Any CPU
	EndGlobalSection
	GlobalSection(ProjectConfigurationPlatforms) = postSolution
		{CF4DC0C5-1A82-495B-BBE4-99735456688E}.Debug|Any CPU.ActiveCfg = Debug|Any CPU
		{CF4DC0C5-1A82-495B-BBE4-99735456688E}.Debug|Any CPU.Build.0 = Debug|Any CPU
		{CF4DC0C5-1A82-495B-BBE4-99735456688E}.Release|Any CPU.ActiveCfg = Release|Any CPU
		{CF4DC0C5-1A82-495B-BBE4-99735456688E}.Release|Any CPU.Build.0 = Release|Any CPU
		{8B0FC600-128D-40D6-B837-A62DF86B64E5}.Debug|Any CPU.ActiveCfg = Debug|Any CPU
		{8B0FC600-128D-40D6-B837-A62DF86B64E5}.Debug|Any CPU.Build.0 = Debug|Any CPU
		{8B0FC600-128D-40D6-B837-A62DF86B64E5}.Release|Any CPU.ActiveCfg = Release|Any CPU
		{8B0FC600-128D-40D6-B837-A62DF86B64E5}.Release|Any CPU.Build.0 = Release|Any CPU
	EndGlobalSection
	GlobalSection(SolutionProperties) = preSolution
		HideSolutionNode = FALSE
	EndGlobalSection
	GlobalSection(ExtensibilityGlobals) = postSolution
		SolutionGuid = {4A908E98-F1AE-4334-BB2A-FAD0850DA8A0}
	EndGlobalSection
EndGlobal
